
Microsoft Visual Studio Solution File, Format Version 12.00
# Visual Studio Version 17
VisualStudioVersion = 17.0.32014.148
MinimumVisualStudioVersion = 10.0.40219.1
Project("{FAE04EC0-301F-11D3-BF4B-00C04F79EFBC}") = "WindowsService1", "WindowsService1.csproj", "{BDC34CDF-D0EA-4E04-9016-E953D73D040E}"
EndProject
Global
	GlobalSection(SolutionConfigurationPlatforms) = preSolution
		Debug|Any CPU = Debug|Any CPU
		Release|Any CPU = Release|Any CPU
	EndGlobalSection
	GlobalSection(ProjectConfigurationPlatforms) = postSolution
		{BDC34CDF-D0EA-4E04-9016-E953D73D040E}.Debug|Any CPU.ActiveCfg = Debug|Any CPU
		{BDC34CDF-D0EA-4E04-9016-E953D73D040E}.Debug|Any CPU.Build.0 = Debug|Any CPU
		{BDC34CDF-D0EA-4E04-9016-E953D73D040E}.Release|Any CPU.ActiveCfg = Release|Any CPU
		{BDC34CDF-D0EA-4E04-9016-E953D73D040E}.Release|Any CPU.Build.0 = Release|Any CPU
	EndGlobalSection
	GlobalSection(SolutionProperties) = preSolution
		HideSolutionNode = FALSE
	EndGlobalSection
	GlobalSection(ExtensibilityGlobals) = postSolution
		SolutionGuid = {8EA723CD-AF3D-4AB3-9A47-C04C811CF8A6}
	EndGlobalSection
EndGlobal
